{
  "name": "backend",
  "lockfileVersion": 3,
  "requires": true,
  "packages": {
    "": {
      "dependencies": {
        "from": "^0.1.7",
        "pocketbase": "^0.26.2",
        "PocketBase": "npm:pocketbase@^0.26.2"
      }
    },
    "node_modules/from": {
      "version": "0.1.7",
      "resolved": "https://registry.npmjs.org/from/-/from-0.1.7.tgz",
      "integrity": "sha512-twe20eF1OxVxp/ML/kq2p1uc6KvFK/+vs8WjEbeKmV2He22MKm7YF2ANIt+EOqhJ5L3K/SuuPhk0hWQDjOM23g==",
      "license": "MIT"
    },
    "node_modules/pocketbase": {
      "version": "0.26.2",
      "resolved": "https://registry.npmjs.org/pocketbase/-/pocketbase-0.26.2.tgz",
      "integrity": "sha512-WA8EOBc3QnSJh8rJ3iYoi9DmmPOMFIgVfAmIGux7wwruUEIzXgvrO4u0W2htfQjGIcyezJkdZOy5Xmh7SxAftw==",
      "license": "MIT"
    }
  }
}
